
Microsoft Visual Studio Solution File, Format Version 12.00
# Visual Studio Version 16
VisualStudioVersion = 16.0.30225.117
MinimumVisualStudioVersion = 10.0.40219.1
Project("{9A19103F-16F7-4668-BE54-9A1E7A4F7556}") = "ChessGame", "ChessGame\ChessGame.csproj", "{6743A5DF-1FC5-43F2-80E5-9B2E72D8DD88}"
EndProject
Project("{9A19103F-16F7-4668-BE54-9A1E7A4F7556}") = "ChessGame.Tests", "ChessGame.Tests\ChessGame.Tests.csproj", "{751FE860-B720-4B9E-A6DC-7E9E9E3733DD}"
EndProject
Global
	GlobalSection(SolutionConfigurationPlatforms) = preSolution
		Debug|Any CPU = Debug|Any CPU
		Release|Any CPU = Release|Any CPU
	EndGlobalSection
	GlobalSection(ProjectConfigurationPlatforms) = postSolution
		{6743A5DF-1FC5-43F2-80E5-9B2E72D8DD88}.Debug|Any CPU.ActiveCfg = Debug|Any CPU
		{6743A5DF-1FC5-43F2-80E5-9B2E72D8DD88}.Debug|Any CPU.Build.0 = Debug|Any CPU
		{6743A5DF-1FC5-43F2-80E5-9B2E72D8DD88}.Release|Any CPU.ActiveCfg = Release|Any CPU
		{6743A5DF-1FC5-43F2-80E5-9B2E72D8DD88}.Release|Any CPU.Build.0 = Release|Any CPU
		{751FE860-B720-4B9E-A6DC-7E9E9E3733DD}.Debug|Any CPU.ActiveCfg = Debug|Any CPU
		{751FE860-B720-4B9E-A6DC-7E9E9E3733DD}.Debug|Any CPU.Build.0 = Debug|Any CPU
		{751FE860-B720-4B9E-A6DC-7E9E9E3733DD}.Release|Any CPU.ActiveCfg = Release|Any CPU
		{751FE860-B720-4B9E-A6DC-7E9E9E3733DD}.Release|Any CPU.Build.0 = Release|Any CPU
	EndGlobalSection
	GlobalSection(SolutionProperties) = preSolution
		HideSolutionNode = FALSE
	EndGlobalSection
	GlobalSection(ExtensibilityGlobals) = postSolution
		SolutionGuid = {8C1D9119-5835-40DF-854C-10BAA4AF0289}
	EndGlobalSection
EndGlobal
